// !$*UTF8*$!
{
	archiveVersion = 1;
	classes = {
	};
	objectVersion = 55;
	objects = {

/* Begin PBXBuildFile section */
		4B3523F52765689100B76E5A /* SelectUserView.swift in Sources */ = {isa = PBXBuildFile; fileRef = 4B3523F42765689100B76E5A /* SelectUserView.swift */; };
		4B3524172768FB6B00B76E5A /* speakermain.mp4 in Resources */ = {isa = PBXBuildFile; fileRef = 4B3524162768FB6B00B76E5A /* speakermain.mp4 */; };
		4B3524192768FB7600B76E5A /* speaker3.mp4 in Resources */ = {isa = PBXBuildFile; fileRef = 4B3524182768FB7600B76E5A /* speaker3.mp4 */; };
		4B35241D2768FB8E00B76E5A /* speaker1.mp4 in Resources */ = {isa = PBXBuildFile; fileRef = 4B35241C2768FB8E00B76E5A /* speaker1.mp4 */; };
		4B35241F2768FDA800B76E5A /* speaker2.mp4 in Resources */ = {isa = PBXBuildFile; fileRef = 4B35241E2768FDA800B76E5A /* speaker2.mp4 */; };
		4B3524212768FE0100B76E5A /* speaker02.mp4 in Resources */ = {isa = PBXBuildFile; fileRef = 4B3524202768FE0100B76E5A /* speaker02.mp4 */; };
		4B66055E2764DBE400A2A93D /* ParticipantsView.swift in Sources */ = {isa = PBXBuildFile; fileRef = 4B66055D2764DBE400A2A93D /* ParticipantsView.swift */; };
		4B6605602764EB9C00A2A93D /* ParticipantsDataView.swift in Sources */ = {isa = PBXBuildFile; fileRef = 4B66055F2764EB9C00A2A93D /* ParticipantsDataView.swift */; };
		4B660562276547C500A2A93D /* RecentMessagesView.swift in Sources */ = {isa = PBXBuildFile; fileRef = 4B660561276547C500A2A93D /* RecentMessagesView.swift */; };
		4B88E90F272FCD5C00B3F4C7 /* BasicStructureVeiw.swift in Sources */ = {isa = PBXBuildFile; fileRef = 4B88E90E272FCD5C00B3F4C7 /* BasicStructureVeiw.swift */; };
		4B95ECFB272FCE180040A101 /* TabBarView.swift in Sources */ = {isa = PBXBuildFile; fileRef = 4B95ECFA272FCE180040A101 /* TabBarView.swift */; };
		4B95ED002730FF780040A101 /* TitleView.swift in Sources */ = {isa = PBXBuildFile; fileRef = 4B95ECFF2730FF780040A101 /* TitleView.swift */; };
		4B95ED022730FFC30040A101 /* StatsView.swift in Sources */ = {isa = PBXBuildFile; fileRef = 4B95ED012730FFC30040A101 /* StatsView.swift */; };
		4B95ED04273100340040A101 /* DescriptionView.swift in Sources */ = {isa = PBXBuildFile; fileRef = 4B95ED03273100340040A101 /* DescriptionView.swift */; };
		4B95ED06273100870040A101 /* PartnersView.swift in Sources */ = {isa = PBXBuildFile; fileRef = 4B95ED05273100870040A101 /* PartnersView.swift */; };
		4B95ED08273100E80040A101 /* ScheduleCardView.swift in Sources */ = {isa = PBXBuildFile; fileRef = 4B95ED07273100E80040A101 /* ScheduleCardView.swift */; };
		4BAAE1E12761EA7F00BB48DF /* HeaderView.swift in Sources */ = {isa = PBXBuildFile; fileRef = 4BAAE1E02761EA7F00BB48DF /* HeaderView.swift */; };
		4BAF01052735264C00EBD472 /* EventCardView.swift in Sources */ = {isa = PBXBuildFile; fileRef = 4BAF01042735264C00EBD472 /* EventCardView.swift */; };
		4BB92ED2273217FA00683EDF /* PresenterView.swift in Sources */ = {isa = PBXBuildFile; fileRef = 4BB92ED1273217FA00683EDF /* PresenterView.swift */; };
		4BE1025C276563E300842BB4 /* FocusedComposeAreaView.swift in Sources */ = {isa = PBXBuildFile; fileRef = 4BE1025B276563E300842BB4 /* FocusedComposeAreaView.swift */; };
		4BEDA7E12761EB680056E48C /* EventsListView.swift in Sources */ = {isa = PBXBuildFile; fileRef = 4BEDA7E02761EB680056E48C /* EventsListView.swift */; };
		4BEDA7E32761F7530056E48C /* ThemesMenuView.swift in Sources */ = {isa = PBXBuildFile; fileRef = 4BEDA7E22761F7530056E48C /* ThemesMenuView.swift */; };
		4BEDA7E5276226830056E48C /* EventDetailPinnedView.swift in Sources */ = {isa = PBXBuildFile; fileRef = 4BEDA7E4276226830056E48C /* EventDetailPinnedView.swift */; };
		4BEDA7E927623E290056E48C /* ComposeAreaView.swift in Sources */ = {isa = PBXBuildFile; fileRef = 4BEDA7E827623E280056E48C /* ComposeAreaView.swift */; };
		4BEDA7EB276315740056E48C /* MessageListView.swift in Sources */ = {isa = PBXBuildFile; fileRef = 4BEDA7EA276315740056E48C /* MessageListView.swift */; };
		4BEDA7ED276326740056E48C /* ListItem1View.swift in Sources */ = {isa = PBXBuildFile; fileRef = 4BEDA7EC276326740056E48C /* ListItem1View.swift */; };
		4BEDA7EF276326E70056E48C /* ListItem2View.swift in Sources */ = {isa = PBXBuildFile; fileRef = 4BEDA7EE276326E70056E48C /* ListItem2View.swift */; };
		4BEDA7F1276327220056E48C /* ListItem3View.swift in Sources */ = {isa = PBXBuildFile; fileRef = 4BEDA7F0276327220056E48C /* ListItem3View.swift */; };
		4BEDA7F3276335170056E48C /* ListItem4View.swift in Sources */ = {isa = PBXBuildFile; fileRef = 4BEDA7F2276335170056E48C /* ListItem4View.swift */; };
		4BEDA7F527634CC90056E48C /* EventDetailDefaultView.swift in Sources */ = {isa = PBXBuildFile; fileRef = 4BEDA7F427634CC90056E48C /* EventDetailDefaultView.swift */; };
		4BEDA7F8276353020056E48C /* Video1View.swift in Sources */ = {isa = PBXBuildFile; fileRef = 4BEDA7F7276353020056E48C /* Video1View.swift */; };
		4BEDA7FA276354380056E48C /* VideoSelectedView.swift in Sources */ = {isa = PBXBuildFile; fileRef = 4BEDA7F9276354380056E48C /* VideoSelectedView.swift */; };
		4BEDA7FC276355720056E48C /* Video2View.swift in Sources */ = {isa = PBXBuildFile; fileRef = 4BEDA7FB276355720056E48C /* Video2View.swift */; };
		4BEDA7FE276355A70056E48C /* Video3View.swift in Sources */ = {isa = PBXBuildFile; fileRef = 4BEDA7FD276355A70056E48C /* Video3View.swift */; };
		4BEDA80627635CA70056E48C /* EventDetailEmptyStateView.swift in Sources */ = {isa = PBXBuildFile; fileRef = 4BEDA80527635CA70056E48C /* EventDetailEmptyStateView.swift */; };
		4BEDA809276365530056E48C /* ListTapActionView.swift in Sources */ = {isa = PBXBuildFile; fileRef = 4BEDA808276365530056E48C /* ListTapActionView.swift */; };
		4BEDA80B27636CB30056E48C /* FullscreenVideoView.swift in Sources */ = {isa = PBXBuildFile; fileRef = 4BEDA80A27636CB30056E48C /* FullscreenVideoView.swift */; };
		4BEDA80D2763757E0056E48C /* ReactionsView.swift in Sources */ = {isa = PBXBuildFile; fileRef = 4BEDA80C2763757E0056E48C /* ReactionsView.swift */; };
		4BEDA80F27637C1A0056E48C /* EventDetailAlertView.swift in Sources */ = {isa = PBXBuildFile; fileRef = 4BEDA80E27637C1A0056E48C /* EventDetailAlertView.swift */; };
		4BEDA811276382EC0056E48C /* MuteUserModalView.swift in Sources */ = {isa = PBXBuildFile; fileRef = 4BEDA810276382EC0056E48C /* MuteUserModalView.swift */; };
		4BEDA813276387C80056E48C /* GiphyCardView.swift in Sources */ = {isa = PBXBuildFile; fileRef = 4BEDA812276387C80056E48C /* GiphyCardView.swift */; };
		4BEDA81527639CDD0056E48C /* GifSentView.swift in Sources */ = {isa = PBXBuildFile; fileRef = 4BEDA81427639CDD0056E48C /* GifSentView.swift */; };
		4BEDA8192763A8F80056E48C /* ThreadReplyView.swift in Sources */ = {isa = PBXBuildFile; fileRef = 4BEDA8182763A8F80056E48C /* ThreadReplyView.swift */; };
		4BEDA81B2764369F0056E48C /* ThreadRepliedView.swift in Sources */ = {isa = PBXBuildFile; fileRef = 4BEDA81A2764369F0056E48C /* ThreadRepliedView.swift */; };
		4BEDA81D27643C060056E48C /* PressedReplyView.swift in Sources */ = {isa = PBXBuildFile; fileRef = 4BEDA81C27643C060056E48C /* PressedReplyView.swift */; };
		4BEDA81F276441A60056E48C /* EventsDetailThreadReplyView.swift in Sources */ = {isa = PBXBuildFile; fileRef = 4BEDA81E276441A60056E48C /* EventsDetailThreadReplyView.swift */; };
		4BEDA821276454390056E48C /* EmptyStateView.swift in Sources */ = {isa = PBXBuildFile; fileRef = 4BEDA820276454390056E48C /* EmptyStateView.swift */; };
		4BEDA8232764596A0056E48C /* HeaderComposeAreaView.swift in Sources */ = {isa = PBXBuildFile; fileRef = 4BEDA8222764596A0056E48C /* HeaderComposeAreaView.swift */; };
		4BF4358527281AD200567388 /* VirtualEventSwiftUIKitApp.swift in Sources */ = {isa = PBXBuildFile; fileRef = 4BF4358427281AD200567388 /* VirtualEventSwiftUIKitApp.swift */; };
		4BF4358727281AD200567388 /* OverView.swift in Sources */ = {isa = PBXBuildFile; fileRef = 4BF4358627281AD200567388 /* OverView.swift */; };
		4BF4358927281AD400567388 /* Assets.xcassets in Resources */ = {isa = PBXBuildFile; fileRef = 4BF4358827281AD400567388 /* Assets.xcassets */; };
		4BF4358C27281AD400567388 /* Preview Assets.xcassets in Resources */ = {isa = PBXBuildFile; fileRef = 4BF4358B27281AD400567388 /* Preview Assets.xcassets */; };
/* End PBXBuildFile section */

/* Begin PBXFileReference section */
		4B3523F42765689100B76E5A /* SelectUserView.swift */ = {isa = PBXFileReference; lastKnownFileType = sourcecode.swift; path = SelectUserView.swift; sourceTree = "<group>"; };
		4B3524162768FB6B00B76E5A /* speakermain.mp4 */ = {isa = PBXFileReference; lastKnownFileType = file; name = speakermain.mp4; path = Videos/1080p/speakermain.mp4; sourceTree = SOURCE_ROOT; };
		4B3524182768FB7600B76E5A /* speaker3.mp4 */ = {isa = PBXFileReference; lastKnownFileType = file; name = speaker3.mp4; path = Videos/1080p/speaker3.mp4; sourceTree = SOURCE_ROOT; };
		4B35241C2768FB8E00B76E5A /* speaker1.mp4 */ = {isa = PBXFileReference; lastKnownFileType = file; name = speaker1.mp4; path = Videos/1080p/speaker1.mp4; sourceTree = SOURCE_ROOT; };
		4B35241E2768FDA800B76E5A /* speaker2.mp4 */ = {isa = PBXFileReference; lastKnownFileType = file; name = speaker2.mp4; path = Videos/1080p/speaker2.mp4; sourceTree = SOURCE_ROOT; };
		4B3524202768FE0100B76E5A /* speaker02.mp4 */ = {isa = PBXFileReference; lastKnownFileType = file; name = speaker02.mp4; path = Videos/1080p/speaker02.mp4; sourceTree = SOURCE_ROOT; };
		4B66055D2764DBE400A2A93D /* ParticipantsView.swift */ = {isa = PBXFileReference; lastKnownFileType = sourcecode.swift; path = ParticipantsView.swift; sourceTree = "<group>"; };
		4B66055F2764EB9C00A2A93D /* ParticipantsDataView.swift */ = {isa = PBXFileReference; lastKnownFileType = sourcecode.swift; path = ParticipantsDataView.swift; sourceTree = "<group>"; };
		4B660561276547C500A2A93D /* RecentMessagesView.swift */ = {isa = PBXFileReference; lastKnownFileType = sourcecode.swift; path = RecentMessagesView.swift; sourceTree = "<group>"; };
		4B88E90E272FCD5C00B3F4C7 /* BasicStructureVeiw.swift */ = {isa = PBXFileReference; lastKnownFileType = sourcecode.swift; path = BasicStructureVeiw.swift; sourceTree = "<group>"; };
		4B95ECFA272FCE180040A101 /* TabBarView.swift */ = {isa = PBXFileReference; lastKnownFileType = sourcecode.swift; path = TabBarView.swift; sourceTree = "<group>"; };
		4B95ECFF2730FF780040A101 /* TitleView.swift */ = {isa = PBXFileReference; lastKnownFileType = sourcecode.swift; path = TitleView.swift; sourceTree = "<group>"; };
		4B95ED012730FFC30040A101 /* StatsView.swift */ = {isa = PBXFileReference; lastKnownFileType = sourcecode.swift; path = StatsView.swift; sourceTree = "<group>"; };
		4B95ED03273100340040A101 /* DescriptionView.swift */ = {isa = PBXFileReference; lastKnownFileType = sourcecode.swift; path = DescriptionView.swift; sourceTree = "<group>"; };
		4B95ED05273100870040A101 /* PartnersView.swift */ = {isa = PBXFileReference; lastKnownFileType = sourcecode.swift; path = PartnersView.swift; sourceTree = "<group>"; };
		4B95ED07273100E80040A101 /* ScheduleCardView.swift */ = {isa = PBXFileReference; lastKnownFileType = sourcecode.swift; path = ScheduleCardView.swift; sourceTree = "<group>"; };
		4BAAE1E02761EA7F00BB48DF /* HeaderView.swift */ = {isa = PBXFileReference; lastKnownFileType = sourcecode.swift; path = HeaderView.swift; sourceTree = "<group>"; };
		4BAF01042735264C00EBD472 /* EventCardView.swift */ = {isa = PBXFileReference; lastKnownFileType = sourcecode.swift; path = EventCardView.swift; sourceTree = "<group>"; };
		4BB92ED1273217FA00683EDF /* PresenterView.swift */ = {isa = PBXFileReference; lastKnownFileType = sourcecode.swift; path = PresenterView.swift; sourceTree = "<group>"; };
		4BE1025B276563E300842BB4 /* FocusedComposeAreaView.swift */ = {isa = PBXFileReference; lastKnownFileType = sourcecode.swift; path = FocusedComposeAreaView.swift; sourceTree = "<group>"; };
		4BEDA7E02761EB680056E48C /* EventsListView.swift */ = {isa = PBXFileReference; lastKnownFileType = sourcecode.swift; path = EventsListView.swift; sourceTree = "<group>"; };
		4BEDA7E22761F7530056E48C /* ThemesMenuView.swift */ = {isa = PBXFileReference; lastKnownFileType = sourcecode.swift; path = ThemesMenuView.swift; sourceTree = "<group>"; };
		4BEDA7E4276226830056E48C /* EventDetailPinnedView.swift */ = {isa = PBXFileReference; lastKnownFileType = sourcecode.swift; path = EventDetailPinnedView.swift; sourceTree = "<group>"; };
		4BEDA7E827623E280056E48C /* ComposeAreaView.swift */ = {isa = PBXFileReference; lastKnownFileType = sourcecode.swift; path = ComposeAreaView.swift; sourceTree = "<group>"; };
		4BEDA7EA276315740056E48C /* MessageListView.swift */ = {isa = PBXFileReference; lastKnownFileType = sourcecode.swift; path = MessageListView.swift; sourceTree = "<group>"; };
		4BEDA7EC276326740056E48C /* ListItem1View.swift */ = {isa = PBXFileReference; lastKnownFileType = sourcecode.swift; path = ListItem1View.swift; sourceTree = "<group>"; };
		4BEDA7EE276326E70056E48C /* ListItem2View.swift */ = {isa = PBXFileReference; lastKnownFileType = sourcecode.swift; path = ListItem2View.swift; sourceTree = "<group>"; };
		4BEDA7F0276327220056E48C /* ListItem3View.swift */ = {isa = PBXFileReference; lastKnownFileType = sourcecode.swift; path = ListItem3View.swift; sourceTree = "<group>"; };
		4BEDA7F2276335170056E48C /* ListItem4View.swift */ = {isa = PBXFileReference; lastKnownFileType = sourcecode.swift; path = ListItem4View.swift; sourceTree = "<group>"; };
		4BEDA7F427634CC90056E48C /* EventDetailDefaultView.swift */ = {isa = PBXFileReference; lastKnownFileType = sourcecode.swift; path = EventDetailDefaultView.swift; sourceTree = "<group>"; };
		4BEDA7F7276353020056E48C /* Video1View.swift */ = {isa = PBXFileReference; lastKnownFileType = sourcecode.swift; path = Video1View.swift; sourceTree = "<group>"; };
		4BEDA7F9276354380056E48C /* VideoSelectedView.swift */ = {isa = PBXFileReference; lastKnownFileType = sourcecode.swift; path = VideoSelectedView.swift; sourceTree = "<group>"; };
		4BEDA7FB276355720056E48C /* Video2View.swift */ = {isa = PBXFileReference; lastKnownFileType = sourcecode.swift; path = Video2View.swift; sourceTree = "<group>"; };
		4BEDA7FD276355A70056E48C /* Video3View.swift */ = {isa = PBXFileReference; lastKnownFileType = sourcecode.swift; path = Video3View.swift; sourceTree = "<group>"; };
		4BEDA80527635CA70056E48C /* EventDetailEmptyStateView.swift */ = {isa = PBXFileReference; lastKnownFileType = sourcecode.swift; path = EventDetailEmptyStateView.swift; sourceTree = "<group>"; };
		4BEDA808276365530056E48C /* ListTapActionView.swift */ = {isa = PBXFileReference; lastKnownFileType = sourcecode.swift; path = ListTapActionView.swift; sourceTree = "<group>"; };
		4BEDA80A27636CB30056E48C /* FullscreenVideoView.swift */ = {isa = PBXFileReference; lastKnownFileType = sourcecode.swift; path = FullscreenVideoView.swift; sourceTree = "<group>"; };
		4BEDA80C2763757E0056E48C /* ReactionsView.swift */ = {isa = PBXFileReference; lastKnownFileType = sourcecode.swift; path = ReactionsView.swift; sourceTree = "<group>"; };
		4BEDA80E27637C1A0056E48C /* EventDetailAlertView.swift */ = {isa = PBXFileReference; lastKnownFileType = sourcecode.swift; path = EventDetailAlertView.swift; sourceTree = "<group>"; };
		4BEDA810276382EC0056E48C /* MuteUserModalView.swift */ = {isa = PBXFileReference; lastKnownFileType = sourcecode.swift; path = MuteUserModalView.swift; sourceTree = "<group>"; };
		4BEDA812276387C80056E48C /* GiphyCardView.swift */ = {isa = PBXFileReference; lastKnownFileType = sourcecode.swift; path = GiphyCardView.swift; sourceTree = "<group>"; };
		4BEDA81427639CDD0056E48C /* GifSentView.swift */ = {isa = PBXFileReference; lastKnownFileType = sourcecode.swift; path = GifSentView.swift; sourceTree = "<group>"; };
		4BEDA8182763A8F80056E48C /* ThreadReplyView.swift */ = {isa = PBXFileReference; lastKnownFileType = sourcecode.swift; path = ThreadReplyView.swift; sourceTree = "<group>"; };
		4BEDA81A2764369F0056E48C /* ThreadRepliedView.swift */ = {isa = PBXFileReference; lastKnownFileType = sourcecode.swift; path = ThreadRepliedView.swift; sourceTree = "<group>"; };
		4BEDA81C27643C060056E48C /* PressedReplyView.swift */ = {isa = PBXFileReference; lastKnownFileType = sourcecode.swift; path = PressedReplyView.swift; sourceTree = "<group>"; };
		4BEDA81E276441A60056E48C /* EventsDetailThreadReplyView.swift */ = {isa = PBXFileReference; lastKnownFileType = sourcecode.swift; path = EventsDetailThreadReplyView.swift; sourceTree = "<group>"; };
		4BEDA820276454390056E48C /* EmptyStateView.swift */ = {isa = PBXFileReference; lastKnownFileType = sourcecode.swift; path = EmptyStateView.swift; sourceTree = "<group>"; };
		4BEDA8222764596A0056E48C /* HeaderComposeAreaView.swift */ = {isa = PBXFileReference; lastKnownFileType = sourcecode.swift; path = HeaderComposeAreaView.swift; sourceTree = "<group>"; };
		4BF4358127281AD200567388 /* VirtualEventSwiftUIKit.app */ = {isa = PBXFileReference; explicitFileType = wrapper.application; includeInIndex = 0; path = VirtualEventSwiftUIKit.app; sourceTree = BUILT_PRODUCTS_DIR; };
		4BF4358427281AD200567388 /* VirtualEventSwiftUIKitApp.swift */ = {isa = PBXFileReference; lastKnownFileType = sourcecode.swift; path = VirtualEventSwiftUIKitApp.swift; sourceTree = "<group>"; };
		4BF4358627281AD200567388 /* OverView.swift */ = {isa = PBXFileReference; lastKnownFileType = sourcecode.swift; path = OverView.swift; sourceTree = "<group>"; };
		4BF4358827281AD400567388 /* Assets.xcassets */ = {isa = PBXFileReference; lastKnownFileType = folder.assetcatalog; path = Assets.xcassets; sourceTree = "<group>"; };
		4BF4358B27281AD400567388 /* Preview Assets.xcassets */ = {isa = PBXFileReference; lastKnownFileType = folder.assetcatalog; path = "Preview Assets.xcassets"; sourceTree = "<group>"; };
/* End PBXFileReference section */

/* Begin PBXFrameworksBuildPhase section */
		4BF4357E27281AD200567388 /* Frameworks */ = {
			isa = PBXFrameworksBuildPhase;
			buildActionMask = 2147483647;
			files = (
			);
			runOnlyForDeploymentPostprocessing = 0;
		};
/* End PBXFrameworksBuildPhase section */

/* Begin PBXGroup section */
		4B88E90D272FCD2B00B3F4C7 /* Basic Structure */ = {
			isa = PBXGroup;
			children = (
				4B3524162768FB6B00B76E5A /* speakermain.mp4 */,
				4B3524182768FB7600B76E5A /* speaker3.mp4 */,
				4B35241C2768FB8E00B76E5A /* speaker1.mp4 */,
				4B35241E2768FDA800B76E5A /* speaker2.mp4 */,
				4B3524202768FE0100B76E5A /* speaker02.mp4 */,
				4B88E90E272FCD5C00B3F4C7 /* BasicStructureVeiw.swift */,
			);
			path = "Basic Structure";
			sourceTree = "<group>";
		};
		4B95ECFC2730FD240040A101 /* Scroll Views */ = {
			isa = PBXGroup;
			children = (
				4B95ECFF2730FF780040A101 /* TitleView.swift */,
				4BB92ED1273217FA00683EDF /* PresenterView.swift */,
				4B95ED012730FFC30040A101 /* StatsView.swift */,
				4B95ED03273100340040A101 /* DescriptionView.swift */,
				4B95ED05273100870040A101 /* PartnersView.swift */,
				4B95ED07273100E80040A101 /* ScheduleCardView.swift */,
				4BAF01042735264C00EBD472 /* EventCardView.swift */,
			);
			path = "Scroll Views";
			sourceTree = "<group>";
		};
		4BEDA7F6276352CA0056E48C /* VideoViews */ = {
			isa = PBXGroup;
			children = (
				4BEDA7F9276354380056E48C /* VideoSelectedView.swift */,
				4BEDA7F7276353020056E48C /* Video1View.swift */,
				4BEDA7FB276355720056E48C /* Video2View.swift */,
				4BEDA7FD276355A70056E48C /* Video3View.swift */,
				4BEDA80A27636CB30056E48C /* FullscreenVideoView.swift */,
			);
			path = VideoViews;
			sourceTree = "<group>";
		};
		4BEDA8072763650D0056E48C /* Interactions */ = {
			isa = PBXGroup;
			children = (
				4BEDA808276365530056E48C /* ListTapActionView.swift */,
				4BEDA80C2763757E0056E48C /* ReactionsView.swift */,
				4BEDA80E27637C1A0056E48C /* EventDetailAlertView.swift */,
				4BEDA810276382EC0056E48C /* MuteUserModalView.swift */,
			);
			path = Interactions;
			sourceTree = "<group>";
		};
		4BEDA8162763A88E0056E48C /* ThreadReply */ = {
			isa = PBXGroup;
			children = (
				4BEDA8182763A8F80056E48C /* ThreadReplyView.swift */,
				4BEDA81A2764369F0056E48C /* ThreadRepliedView.swift */,
				4BEDA81C27643C060056E48C /* PressedReplyView.swift */,
				4BEDA81E276441A60056E48C /* EventsDetailThreadReplyView.swift */,
			);
			path = ThreadReply;
			sourceTree = "<group>";
		};
		4BEDA8172763A8B50056E48C /* DirectMessages */ = {
			isa = PBXGroup;
			children = (
				4BEDA820276454390056E48C /* EmptyStateView.swift */,
				4BEDA8222764596A0056E48C /* HeaderComposeAreaView.swift */,
				4B660561276547C500A2A93D /* RecentMessagesView.swift */,
				4B66055F2764EB9C00A2A93D /* ParticipantsDataView.swift */,
				4B66055D2764DBE400A2A93D /* ParticipantsView.swift */,
			);
			path = DirectMessages;
			sourceTree = "<group>";
		};
		4BF4357827281AD200567388 = {
			isa = PBXGroup;
			children = (
				4BF4358327281AD200567388 /* VirtualEventSwiftUIKit */,
				4BF4358227281AD200567388 /* Products */,
			);
			sourceTree = "<group>";
		};
		4BF4358227281AD200567388 /* Products */ = {
			isa = PBXGroup;
			children = (
				4BF4358127281AD200567388 /* VirtualEventSwiftUIKit.app */,
			);
			name = Products;
			sourceTree = "<group>";
		};
		4BF4358327281AD200567388 /* VirtualEventSwiftUIKit */ = {
			isa = PBXGroup;
			children = (
				4B88E90D272FCD2B00B3F4C7 /* Basic Structure */,
				4BF4358427281AD200567388 /* VirtualEventSwiftUIKitApp.swift */,
				4B95ECFC2730FD240040A101 /* Scroll Views */,
				4BAAE1E02761EA7F00BB48DF /* HeaderView.swift */,
				4B95ECFA272FCE180040A101 /* TabBarView.swift */,
				4BF4358627281AD200567388 /* OverView.swift */,
				4BEDA7E02761EB680056E48C /* EventsListView.swift */,
				4B3523F42765689100B76E5A /* SelectUserView.swift */,
				4BEDA7E22761F7530056E48C /* ThemesMenuView.swift */,
				4BEDA7EC276326740056E48C /* ListItem1View.swift */,
				4BEDA7EE276326E70056E48C /* ListItem2View.swift */,
				4BEDA7F0276327220056E48C /* ListItem3View.swift */,
				4BEDA7F2276335170056E48C /* ListItem4View.swift */,
				4BEDA7EA276315740056E48C /* MessageListView.swift */,
				4BEDA7E827623E280056E48C /* ComposeAreaView.swift */,
				4BE1025B276563E300842BB4 /* FocusedComposeAreaView.swift */,
				4BEDA7E4276226830056E48C /* EventDetailPinnedView.swift */,
				4BEDA7F427634CC90056E48C /* EventDetailDefaultView.swift */,
				4BEDA80527635CA70056E48C /* EventDetailEmptyStateView.swift */,
				4BEDA812276387C80056E48C /* GiphyCardView.swift */,
				4BEDA81427639CDD0056E48C /* GifSentView.swift */,
				4BEDA8072763650D0056E48C /* Interactions */,
				4BEDA7F6276352CA0056E48C /* VideoViews */,
				4BEDA8162763A88E0056E48C /* ThreadReply */,
				4BEDA8172763A8B50056E48C /* DirectMessages */,
				4BF4358827281AD400567388 /* Assets.xcassets */,
				4BF4358A27281AD400567388 /* Preview Content */,
			);
			path = VirtualEventSwiftUIKit;
			sourceTree = "<group>";
		};
		4BF4358A27281AD400567388 /* Preview Content */ = {
			isa = PBXGroup;
			children = (
				4BF4358B27281AD400567388 /* Preview Assets.xcassets */,
			);
			path = "Preview Content";
			sourceTree = "<group>";
		};
/* End PBXGroup section */

/* Begin PBXNativeTarget section */
		4BF4358027281AD200567388 /* VirtualEventSwiftUIKit */ = {
			isa = PBXNativeTarget;
			buildConfigurationList = 4BF4358F27281AD400567388 /* Build configuration list for PBXNativeTarget "VirtualEventSwiftUIKit" */;
			buildPhases = (
				4BF4357D27281AD200567388 /* Sources */,
				4BF4357E27281AD200567388 /* Frameworks */,
				4BF4357F27281AD200567388 /* Resources */,
			);
			buildRules = (
			);
			dependencies = (
			);
			name = VirtualEventSwiftUIKit;
			productName = VirtualEventSwiftUIKit;
			productReference = 4BF4358127281AD200567388 /* VirtualEventSwiftUIKit.app */;
			productType = "com.apple.product-type.application";
		};
/* End PBXNativeTarget section */

/* Begin PBXProject section */
		4BF4357927281AD200567388 /* Project object */ = {
			isa = PBXProject;
			attributes = {
				BuildIndependentTargetsInParallel = 1;
				LastSwiftUpdateCheck = 1300;
				LastUpgradeCheck = 1300;
				TargetAttributes = {
					4BF4358027281AD200567388 = {
						CreatedOnToolsVersion = 13.0;
					};
				};
			};
			buildConfigurationList = 4BF4357C27281AD200567388 /* Build configuration list for PBXProject "VirtualEventSwiftUIKit" */;
			compatibilityVersion = "Xcode 13.0";
			developmentRegion = en;
			hasScannedForEncodings = 0;
			knownRegions = (
				en,
				Base,
			);
			mainGroup = 4BF4357827281AD200567388;
			productRefGroup = 4BF4358227281AD200567388 /* Products */;
			projectDirPath = "";
			projectRoot = "";
			targets = (
				4BF4358027281AD200567388 /* VirtualEventSwiftUIKit */,
			);
		};
/* End PBXProject section */

/* Begin PBXResourcesBuildPhase section */
		4BF4357F27281AD200567388 /* Resources */ = {
			isa = PBXResourcesBuildPhase;
			buildActionMask = 2147483647;
			files = (
				4B35241F2768FDA800B76E5A /* speaker2.mp4 in Resources */,
				4BF4358C27281AD400567388 /* Preview Assets.xcassets in Resources */,
				4B3524212768FE0100B76E5A /* speaker02.mp4 in Resources */,
				4B3524192768FB7600B76E5A /* speaker3.mp4 in Resources */,
				4BF4358927281AD400567388 /* Assets.xcassets in Resources */,
				4B35241D2768FB8E00B76E5A /* speaker1.mp4 in Resources */,
				4B3524172768FB6B00B76E5A /* speakermain.mp4 in Resources */,
			);
			runOnlyForDeploymentPostprocessing = 0;
		};
/* End PBXResourcesBuildPhase section */

/* Begin PBXSourcesBuildPhase section */
		4BF4357D27281AD200567388 /* Sources */ = {
			isa = PBXSourcesBuildPhase;
			buildActionMask = 2147483647;
			files = (
				4BEDA7F527634CC90056E48C /* EventDetailDefaultView.swift in Sources */,
				4BEDA7E5276226830056E48C /* EventDetailPinnedView.swift in Sources */,
				4BEDA821276454390056E48C /* EmptyStateView.swift in Sources */,
				4BEDA813276387C80056E48C /* GiphyCardView.swift in Sources */,
				4BF4358727281AD200567388 /* OverView.swift in Sources */,
				4BEDA809276365530056E48C /* ListTapActionView.swift in Sources */,
				4BEDA7F1276327220056E48C /* ListItem3View.swift in Sources */,
				4BEDA7EF276326E70056E48C /* ListItem2View.swift in Sources */,
				4BE1025C276563E300842BB4 /* FocusedComposeAreaView.swift in Sources */,
				4BEDA8192763A8F80056E48C /* ThreadReplyView.swift in Sources */,
				4BEDA7FA276354380056E48C /* VideoSelectedView.swift in Sources */,
				4BEDA81B2764369F0056E48C /* ThreadRepliedView.swift in Sources */,
				4B88E90F272FCD5C00B3F4C7 /* BasicStructureVeiw.swift in Sources */,
				4B95ED06273100870040A101 /* PartnersView.swift in Sources */,
				4BEDA7EB276315740056E48C /* MessageListView.swift in Sources */,
				4B66055E2764DBE400A2A93D /* ParticipantsView.swift in Sources */,
				4BEDA7FC276355720056E48C /* Video2View.swift in Sources */,
				4BEDA80627635CA70056E48C /* EventDetailEmptyStateView.swift in Sources */,
				4BEDA80D2763757E0056E48C /* ReactionsView.swift in Sources */,
				4BEDA7F3276335170056E48C /* ListItem4View.swift in Sources */,
				4BEDA81F276441A60056E48C /* EventsDetailThreadReplyView.swift in Sources */,
				4BB92ED2273217FA00683EDF /* PresenterView.swift in Sources */,
				4B95ECFB272FCE180040A101 /* TabBarView.swift in Sources */,
				4B6605602764EB9C00A2A93D /* ParticipantsDataView.swift in Sources */,
				4BF4358527281AD200567388 /* VirtualEventSwiftUIKitApp.swift in Sources */,
				4BEDA7E927623E290056E48C /* ComposeAreaView.swift in Sources */,
				4B95ED022730FFC30040A101 /* StatsView.swift in Sources */,
				4BEDA7E32761F7530056E48C /* ThemesMenuView.swift in Sources */,
				4B3523F52765689100B76E5A /* SelectUserView.swift in Sources */,
				4B95ED08273100E80040A101 /* ScheduleCardView.swift in Sources */,
				4BEDA81D27643C060056E48C /* PressedReplyView.swift in Sources */,
				4BAF01052735264C00EBD472 /* EventCardView.swift in Sources */,
				4B660562276547C500A2A93D /* RecentMessagesView.swift in Sources */,
				4BEDA7ED276326740056E48C /* ListItem1View.swift in Sources */,
				4B95ED002730FF780040A101 /* TitleView.swift in Sources */,
				4B95ED04273100340040A101 /* DescriptionView.swift in Sources */,
				4BAAE1E12761EA7F00BB48DF /* HeaderView.swift in Sources */,
				4BEDA7F8276353020056E48C /* Video1View.swift in Sources */,
				4BEDA811276382EC0056E48C /* MuteUserModalView.swift in Sources */,
				4BEDA7E12761EB680056E48C /* EventsListView.swift in Sources */,
				4BEDA80F27637C1A0056E48C /* EventDetailAlertView.swift in Sources */,
				4BEDA81527639CDD0056E48C /* GifSentView.swift in Sources */,
				4BEDA7FE276355A70056E48C /* Video3View.swift in Sources */,
				4BEDA80B27636CB30056E48C /* FullscreenVideoView.swift in Sources */,
				4BEDA8232764596A0056E48C /* HeaderComposeAreaView.swift in Sources */,
			);
			runOnlyForDeploymentPostprocessing = 0;
		};
/* End PBXSourcesBuildPhase section */

/* Begin XCBuildConfiguration section */
		4BF4358D27281AD400567388 /* Debug */ = {
			isa = XCBuildConfiguration;
			buildSettings = {
				ALWAYS_SEARCH_USER_PATHS = NO;
				CLANG_ANALYZER_NONNULL = YES;
				CLANG_ANALYZER_NUMBER_OBJECT_CONVERSION = YES_AGGRESSIVE;
				CLANG_CXX_LANGUAGE_STANDARD = "gnu++17";
				CLANG_CXX_LIBRARY = "libc++";
				CLANG_ENABLE_MODULES = YES;
				CLANG_ENABLE_OBJC_ARC = YES;
				CLANG_ENABLE_OBJC_WEAK = YES;
				CLANG_WARN_BLOCK_CAPTURE_AUTORELEASING = YES;
				CLANG_WARN_BOOL_CONVERSION = YES;
				CLANG_WARN_COMMA = YES;
				CLANG_WARN_CONSTANT_CONVERSION = YES;
				CLANG_WARN_DEPRECATED_OBJC_IMPLEMENTATIONS = YES;
				CLANG_WARN_DIRECT_OBJC_ISA_USAGE = YES_ERROR;
				CLANG_WARN_DOCUMENTATION_COMMENTS = YES;
				CLANG_WARN_EMPTY_BODY = YES;
				CLANG_WARN_ENUM_CONVERSION = YES;
				CLANG_WARN_INFINITE_RECURSION = YES;
				CLANG_WARN_INT_CONVERSION = YES;
				CLANG_WARN_NON_LITERAL_NULL_CONVERSION = YES;
				CLANG_WARN_OBJC_IMPLICIT_RETAIN_SELF = YES;
				CLANG_WARN_OBJC_LITERAL_CONVERSION = YES;
				CLANG_WARN_OBJC_ROOT_CLASS = YES_ERROR;
				CLANG_WARN_QUOTED_INCLUDE_IN_FRAMEWORK_HEADER = YES;
				CLANG_WARN_RANGE_LOOP_ANALYSIS = YES;
				CLANG_WARN_STRICT_PROTOTYPES = YES;
				CLANG_WARN_SUSPICIOUS_MOVE = YES;
				CLANG_WARN_UNGUARDED_AVAILABILITY = YES_AGGRESSIVE;
				CLANG_WARN_UNREACHABLE_CODE = YES;
				CLANG_WARN__DUPLICATE_METHOD_MATCH = YES;
				COPY_PHASE_STRIP = NO;
				DEBUG_INFORMATION_FORMAT = dwarf;
				ENABLE_STRICT_OBJC_MSGSEND = YES;
				ENABLE_TESTABILITY = YES;
				GCC_C_LANGUAGE_STANDARD = gnu11;
				GCC_DYNAMIC_NO_PIC = NO;
				GCC_NO_COMMON_BLOCKS = YES;
				GCC_OPTIMIZATION_LEVEL = 0;
				GCC_PREPROCESSOR_DEFINITIONS = (
					"DEBUG=1",
					"$(inherited)",
				);
				GCC_WARN_64_TO_32_BIT_CONVERSION = YES;
				GCC_WARN_ABOUT_RETURN_TYPE = YES_ERROR;
				GCC_WARN_UNDECLARED_SELECTOR = YES;
				GCC_WARN_UNINITIALIZED_AUTOS = YES_AGGRESSIVE;
				GCC_WARN_UNUSED_FUNCTION = YES;
				GCC_WARN_UNUSED_VARIABLE = YES;
				IPHONEOS_DEPLOYMENT_TARGET = 15.0;
				MTL_ENABLE_DEBUG_INFO = INCLUDE_SOURCE;
				MTL_FAST_MATH = YES;
				ONLY_ACTIVE_ARCH = YES;
				SDKROOT = iphoneos;
				SWIFT_ACTIVE_COMPILATION_CONDITIONS = DEBUG;
				SWIFT_OPTIMIZATION_LEVEL = "-Onone";
			};
			name = Debug;
		};
		4BF4358E27281AD400567388 /* Release */ = {
			isa = XCBuildConfiguration;
			buildSettings = {
				ALWAYS_SEARCH_USER_PATHS = NO;
				CLANG_ANALYZER_NONNULL = YES;
				CLANG_ANALYZER_NUMBER_OBJECT_CONVERSION = YES_AGGRESSIVE;
				CLANG_CXX_LANGUAGE_STANDARD = "gnu++17";
				CLANG_CXX_LIBRARY = "libc++";
				CLANG_ENABLE_MODULES = YES;
				CLANG_ENABLE_OBJC_ARC = YES;
				CLANG_ENABLE_OBJC_WEAK = YES;
				CLANG_WARN_BLOCK_CAPTURE_AUTORELEASING = YES;
				CLANG_WARN_BOOL_CONVERSION = YES;
				CLANG_WARN_COMMA = YES;
				CLANG_WARN_CONSTANT_CONVERSION = YES;
				CLANG_WARN_DEPRECATED_OBJC_IMPLEMENTATIONS = YES;
				CLANG_WARN_DIRECT_OBJC_ISA_USAGE = YES_ERROR;
				CLANG_WARN_DOCUMENTATION_COMMENTS = YES;
				CLANG_WARN_EMPTY_BODY = YES;
				CLANG_WARN_ENUM_CONVERSION = YES;
				CLANG_WARN_INFINITE_RECURSION = YES;
				CLANG_WARN_INT_CONVERSION = YES;
				CLANG_WARN_NON_LITERAL_NULL_CONVERSION = YES;
				CLANG_WARN_OBJC_IMPLICIT_RETAIN_SELF = YES;
				CLANG_WARN_OBJC_LITERAL_CONVERSION = YES;
				CLANG_WARN_OBJC_ROOT_CLASS = YES_ERROR;
				CLANG_WARN_QUOTED_INCLUDE_IN_FRAMEWORK_HEADER = YES;
				CLANG_WARN_RANGE_LOOP_ANALYSIS = YES;
				CLANG_WARN_STRICT_PROTOTYPES = YES;
				CLANG_WARN_SUSPICIOUS_MOVE = YES;
				CLANG_WARN_UNGUARDED_AVAILABILITY = YES_AGGRESSIVE;
				CLANG_WARN_UNREACHABLE_CODE = YES;
				CLANG_WARN__DUPLICATE_METHOD_MATCH = YES;
				COPY_PHASE_STRIP = NO;
				DEBUG_INFORMATION_FORMAT = "dwarf-with-dsym";
				ENABLE_NS_ASSERTIONS = NO;
				ENABLE_STRICT_OBJC_MSGSEND = YES;
				GCC_C_LANGUAGE_STANDARD = gnu11;
				GCC_NO_COMMON_BLOCKS = YES;
				GCC_WARN_64_TO_32_BIT_CONVERSION = YES;
				GCC_WARN_ABOUT_RETURN_TYPE = YES_ERROR;
				GCC_WARN_UNDECLARED_SELECTOR = YES;
				GCC_WARN_UNINITIALIZED_AUTOS = YES_AGGRESSIVE;
				GCC_WARN_UNUSED_FUNCTION = YES;
				GCC_WARN_UNUSED_VARIABLE = YES;
				IPHONEOS_DEPLOYMENT_TARGET = 15.0;
				MTL_ENABLE_DEBUG_INFO = NO;
				MTL_FAST_MATH = YES;
				SDKROOT = iphoneos;
				SWIFT_COMPILATION_MODE = wholemodule;
				SWIFT_OPTIMIZATION_LEVEL = "-O";
				VALIDATE_PRODUCT = YES;
			};
			name = Release;
		};
		4BF4359027281AD400567388 /* Debug */ = {
			isa = XCBuildConfiguration;
			buildSettings = {
				ASSETCATALOG_COMPILER_APPICON_NAME = AppIcon;
				ASSETCATALOG_COMPILER_GLOBAL_ACCENT_COLOR_NAME = AccentColor;
				CODE_SIGN_STYLE = Automatic;
				CURRENT_PROJECT_VERSION = 1;
				DEVELOPMENT_ASSET_PATHS = "\"VirtualEventSwiftUIKit/Preview Content\"";
				DEVELOPMENT_TEAM = 5BXN67M73D;
				ENABLE_PREVIEWS = YES;
				GENERATE_INFOPLIST_FILE = YES;
				INFOPLIST_KEY_UIApplicationSceneManifest_Generation = YES;
				INFOPLIST_KEY_UIApplicationSupportsIndirectInputEvents = YES;
				INFOPLIST_KEY_UILaunchScreen_Generation = YES;
				INFOPLIST_KEY_UISupportedInterfaceOrientations_iPad = "UIInterfaceOrientationPortrait UIInterfaceOrientationPortraitUpsideDown UIInterfaceOrientationLandscapeLeft UIInterfaceOrientationLandscapeRight";
				INFOPLIST_KEY_UISupportedInterfaceOrientations_iPhone = "UIInterfaceOrientationPortrait UIInterfaceOrientationLandscapeLeft UIInterfaceOrientationLandscapeRight";
				IPHONEOS_DEPLOYMENT_TARGET = 15.0;
				LD_RUNPATH_SEARCH_PATHS = (
					"$(inherited)",
					"@executable_path/Frameworks",
				);
				MARKETING_VERSION = 1.0;
				PRODUCT_BUNDLE_IDENTIFIER = Stream.VirtualEventSwiftUIKit;
				PRODUCT_NAME = "$(TARGET_NAME)";
				SWIFT_EMIT_LOC_STRINGS = YES;
				SWIFT_VERSION = 5.0;
				TARGETED_DEVICE_FAMILY = "1,2";
			};
			name = Debug;
		};
		4BF4359127281AD400567388 /* Release */ = {
			isa = XCBuildConfiguration;
			buildSettings = {
				ASSETCATALOG_COMPILER_APPICON_NAME = AppIcon;
				ASSETCATALOG_COMPILER_GLOBAL_ACCENT_COLOR_NAME = AccentColor;
				CODE_SIGN_STYLE = Automatic;
				CURRENT_PROJECT_VERSION = 1;
				DEVELOPMENT_ASSET_PATHS = "\"VirtualEventSwiftUIKit/Preview Content\"";
				DEVELOPMENT_TEAM = 5BXN67M73D;
				ENABLE_PREVIEWS = YES;
				GENERATE_INFOPLIST_FILE = YES;
				INFOPLIST_KEY_UIApplicationSceneManifest_Generation = YES;
				INFOPLIST_KEY_UIApplicationSupportsIndirectInputEvents = YES;
				INFOPLIST_KEY_UILaunchScreen_Generation = YES;
				INFOPLIST_KEY_UISupportedInterfaceOrientations_iPad = "UIInterfaceOrientationPortrait UIInterfaceOrientationPortraitUpsideDown UIInterfaceOrientationLandscapeLeft UIInterfaceOrientationLandscapeRight";
				INFOPLIST_KEY_UISupportedInterfaceOrientations_iPhone = "UIInterfaceOrientationPortrait UIInterfaceOrientationLandscapeLeft UIInterfaceOrientationLandscapeRight";
				IPHONEOS_DEPLOYMENT_TARGET = 15.0;
				LD_RUNPATH_SEARCH_PATHS = (
					"$(inherited)",
					"@executable_path/Frameworks",
				);
				MARKETING_VERSION = 1.0;
				PRODUCT_BUNDLE_IDENTIFIER = Stream.VirtualEventSwiftUIKit;
				PRODUCT_NAME = "$(TARGET_NAME)";
				SWIFT_EMIT_LOC_STRINGS = YES;
				SWIFT_VERSION = 5.0;
				TARGETED_DEVICE_FAMILY = "1,2";
			};
			name = Release;
		};
/* End XCBuildConfiguration section */

/* Begin XCConfigurationList section */
		4BF4357C27281AD200567388 /* Build configuration list for PBXProject "VirtualEventSwiftUIKit" */ = {
			isa = XCConfigurationList;
			buildConfigurations = (
				4BF4358D27281AD400567388 /* Debug */,
				4BF4358E27281AD400567388 /* Release */,
			);
			defaultConfigurationIsVisible = 0;
			defaultConfigurationName = Release;
		};
		4BF4358F27281AD400567388 /* Build configuration list for PBXNativeTarget "VirtualEventSwiftUIKit" */ = {
			isa = XCConfigurationList;
			buildConfigurations = (
				4BF4359027281AD400567388 /* Debug */,
				4BF4359127281AD400567388 /* Release */,
			);
			defaultConfigurationIsVisible = 0;
			defaultConfigurationName = Release;
		};
/* End XCConfigurationList section */
	};
	rootObject = 4BF4357927281AD200567388 /* Project object */;
}
